{
  "nodes": {
    "nixpkgs": {
      "locked": {
        "lastModified": 1767313136,
        "narHash": "sha256-16KkgfdYqjaeRGBaYsNrhPRRENs0qzkQVUooNHtoy2w=",
        "owner": "nixos",
        "repo": "nixpkgs",
        "rev": "ac62194c3917d5f474c1a844b6fd6da2db95077d",
        "type": "github"
      },
      "original": {
        "owner": "nixos",
        "ref": "nixos-25.05",
        "repo": "nixpkgs",
        "type": "github"
      }
    },
    "plfa": {
      "flake": false,
      "locked": {
        "lastModified": 1774546359,
        "narHash": "sha256-w1n/25cE/GAszCrlFgJsaFZXPHuqY2atd6BlkXqUh2U=",
        "owner": "plfa",
        "repo": "plfa",
        "rev": "81190a3fc0e968f59003b3f1d86dc1fbd1ef95b7",
        "type": "github"
      },
      "original": {
        "owner": "plfa",
        "repo": "plfa",
        "type": "github"
      }
    },
    "root": {
      "inputs": {
        "nixpkgs": "nixpkgs",
        "plfa": "plfa"
      }
    }
  },
  "root": "root",
  "version": 7
}
